
Microsoft Visual Studio Solution File, Format Version 12.00
# Visual Studio Version 16
VisualStudioVersion = 16.0.30204.135
MinimumVisualStudioVersion = 10.0.40219.1
Project("{FAE04EC0-301F-11D3-BF4B-00C04F79EFBC}") = "PpmMain", "PpmMain.csproj", "{F3D8CA5A-B752-42DC-B2F4-B12AB527E6D9}"
EndProject
Project("{FAE04EC0-301F-11D3-BF4B-00C04F79EFBC}") = "PpmUnitTests", "PpmUnitTests\PpmUnitTests.csproj", "{FDED165F-A4CE-4AE5-91D2-B200DA4ACD7B}"
EndProject
Project("{930C7802-8A8C-48F9-8165-68863BCCD9DD}") = "PpmInstaller", "PpmWixInstaller\PpmInstaller.wixproj", "{E7FBC544-7A92-4178-8076-29B9F718C366}"
EndProject
Global
	GlobalSection(SolutionConfigurationPlatforms) = preSolution
		Debug|Any CPU = Debug|Any CPU
		Release|Any CPU = Release|Any CPU
	EndGlobalSection
	GlobalSection(ProjectConfigurationPlatforms) = postSolution
		{F3D8CA5A-B752-42DC-B2F4-B12AB527E6D9}.Debug|Any CPU.ActiveCfg = Debug|Any CPU
		{F3D8CA5A-B752-42DC-B2F4-B12AB527E6D9}.Debug|Any CPU.Build.0 = Debug|Any CPU
		{F3D8CA5A-B752-42DC-B2F4-B12AB527E6D9}.Release|Any CPU.ActiveCfg = Release|Any CPU
		{F3D8CA5A-B752-42DC-B2F4-B12AB527E6D9}.Release|Any CPU.Build.0 = Release|Any CPU
		{FDED165F-A4CE-4AE5-91D2-B200DA4ACD7B}.Debug|Any CPU.ActiveCfg = Debug|Any CPU
		{FDED165F-A4CE-4AE5-91D2-B200DA4ACD7B}.Debug|Any CPU.Build.0 = Debug|Any CPU
		{FDED165F-A4CE-4AE5-91D2-B200DA4ACD7B}.Release|Any CPU.ActiveCfg = Release|Any CPU
		{FDED165F-A4CE-4AE5-91D2-B200DA4ACD7B}.Release|Any CPU.Build.0 = Release|Any CPU
		{E7FBC544-7A92-4178-8076-29B9F718C366}.Debug|Any CPU.ActiveCfg = Debug|x64
		{E7FBC544-7A92-4178-8076-29B9F718C366}.Debug|Any CPU.Build.0 = Debug|x64
		{E7FBC544-7A92-4178-8076-29B9F718C366}.Release|Any CPU.ActiveCfg = Release|x64
		{E7FBC544-7A92-4178-8076-29B9F718C366}.Release|Any CPU.Build.0 = Release|x64
	EndGlobalSection
	GlobalSection(SolutionProperties) = preSolution
		HideSolutionNode = FALSE
	EndGlobalSection
	GlobalSection(ExtensibilityGlobals) = postSolution
		SolutionGuid = {A91141C3-22B0-4C4F-A6ED-196037D89107}
	EndGlobalSection
EndGlobal
